
Microsoft Visual Studio Solution File, Format Version 12.00
Project("{2150E333-8FDC-42A3-9474-1A3956D46DE8}") = "src", "src", "{B90CEA9A-0889-474C-BE5A-CC5C715D494A}"
EndProject
Project("{2150E333-8FDC-42A3-9474-1A3956D46DE8}") = "tests", "tests", "{EFDE1E1F-D165-4C5E-882C-07CD2E702A01}"
EndProject
Project("{FAE04EC0-301F-11D3-BF4B-00C04F79EFBC}") = "Domain", "src\Core\Domain\Domain.csproj", "{833E29C3-10AA-4BF9-A0B6-DB6F086E2238}"
EndProject
Project("{2150E333-8FDC-42A3-9474-1A3956D46DE8}") = "Infrastructure", "Infrastructure", "{B83763E1-78AC-4774-88B4-09A6AA244E66}"
EndProject
Project("{FAE04EC0-301F-11D3-BF4B-00C04F79EFBC}") = "Infrastructure.Persistence", "src\Infrastructure\Infrastructure.Persistence\Infrastructure.Persistence.csproj", "{05CC6E01-177F-44D4-9F68-88C7364B042C}"
EndProject
Project("{2150E333-8FDC-42A3-9474-1A3956D46DE8}") = "Core", "Core", "{BFA6DBF3-E631-46FA-945A-32FC6E85C3FF}"
EndProject
Project("{FAE04EC0-301F-11D3-BF4B-00C04F79EFBC}") = "Application", "src\Core\Application\Application.csproj", "{23486978-5862-4BFB-A988-B8D459D48E03}"
EndProject
Project("{FAE04EC0-301F-11D3-BF4B-00C04F79EFBC}") = "Shared", "src\Core\Shared\Shared.csproj", "{398DCCA9-4C81-47EB-8F0E-4315BC39163E}"
EndProject
Project("{2150E333-8FDC-42A3-9474-1A3956D46DE8}") = "Presentation", "Presentation", "{84CFB399-BB05-4E4F-934D-A41018892036}"
EndProject
Project("{FAE04EC0-301F-11D3-BF4B-00C04F79EFBC}") = "WebApi", "src\Presentation\WebApi\WebApi.csproj", "{31A63CA4-F35E-471C-98ED-77FD49CFD094}"
EndProject
Project("{FAE04EC0-301F-11D3-BF4B-00C04F79EFBC}") = "UnitTests", "tests\UnitTests\UnitTests.csproj", "{5D333584-F284-4E3D-B38F-FB632528B158}"
EndProject
Global
	GlobalSection(SolutionConfigurationPlatforms) = preSolution
		Debug|Any CPU = Debug|Any CPU
		Release|Any CPU = Release|Any CPU
	EndGlobalSection
	GlobalSection(ProjectConfigurationPlatforms) = postSolution
		{833E29C3-10AA-4BF9-A0B6-DB6F086E2238}.Debug|Any CPU.ActiveCfg = Debug|Any CPU
		{833E29C3-10AA-4BF9-A0B6-DB6F086E2238}.Debug|Any CPU.Build.0 = Debug|Any CPU
		{833E29C3-10AA-4BF9-A0B6-DB6F086E2238}.Release|Any CPU.ActiveCfg = Release|Any CPU
		{833E29C3-10AA-4BF9-A0B6-DB6F086E2238}.Release|Any CPU.Build.0 = Release|Any CPU
		{05CC6E01-177F-44D4-9F68-88C7364B042C}.Debug|Any CPU.ActiveCfg = Debug|Any CPU
		{05CC6E01-177F-44D4-9F68-88C7364B042C}.Debug|Any CPU.Build.0 = Debug|Any CPU
		{05CC6E01-177F-44D4-9F68-88C7364B042C}.Release|Any CPU.ActiveCfg = Release|Any CPU
		{05CC6E01-177F-44D4-9F68-88C7364B042C}.Release|Any CPU.Build.0 = Release|Any CPU
		{23486978-5862-4BFB-A988-B8D459D48E03}.Debug|Any CPU.ActiveCfg = Debug|Any CPU
		{23486978-5862-4BFB-A988-B8D459D48E03}.Debug|Any CPU.Build.0 = Debug|Any CPU
		{23486978-5862-4BFB-A988-B8D459D48E03}.Release|Any CPU.ActiveCfg = Release|Any CPU
		{23486978-5862-4BFB-A988-B8D459D48E03}.Release|Any CPU.Build.0 = Release|Any CPU
		{398DCCA9-4C81-47EB-8F0E-4315BC39163E}.Debug|Any CPU.ActiveCfg = Debug|Any CPU
		{398DCCA9-4C81-47EB-8F0E-4315BC39163E}.Debug|Any CPU.Build.0 = Debug|Any CPU
		{398DCCA9-4C81-47EB-8F0E-4315BC39163E}.Release|Any CPU.ActiveCfg = Release|Any CPU
		{398DCCA9-4C81-47EB-8F0E-4315BC39163E}.Release|Any CPU.Build.0 = Release|Any CPU
		{31A63CA4-F35E-471C-98ED-77FD49CFD094}.Debug|Any CPU.ActiveCfg = Debug|Any CPU
		{31A63CA4-F35E-471C-98ED-77FD49CFD094}.Debug|Any CPU.Build.0 = Debug|Any CPU
		{31A63CA4-F35E-471C-98ED-77FD49CFD094}.Release|Any CPU.ActiveCfg = Release|Any CPU
		{31A63CA4-F35E-471C-98ED-77FD49CFD094}.Release|Any CPU.Build.0 = Release|Any CPU
		{5D333584-F284-4E3D-B38F-FB632528B158}.Debug|Any CPU.ActiveCfg = Debug|Any CPU
		{5D333584-F284-4E3D-B38F-FB632528B158}.Debug|Any CPU.Build.0 = Debug|Any CPU
		{5D333584-F284-4E3D-B38F-FB632528B158}.Release|Any CPU.ActiveCfg = Release|Any CPU
		{5D333584-F284-4E3D-B38F-FB632528B158}.Release|Any CPU.Build.0 = Release|Any CPU
	EndGlobalSection
	GlobalSection(NestedProjects) = preSolution
		{B83763E1-78AC-4774-88B4-09A6AA244E66} = {B90CEA9A-0889-474C-BE5A-CC5C715D494A}
		{05CC6E01-177F-44D4-9F68-88C7364B042C} = {B83763E1-78AC-4774-88B4-09A6AA244E66}
		{BFA6DBF3-E631-46FA-945A-32FC6E85C3FF} = {B90CEA9A-0889-474C-BE5A-CC5C715D494A}
		{23486978-5862-4BFB-A988-B8D459D48E03} = {BFA6DBF3-E631-46FA-945A-32FC6E85C3FF}
		{833E29C3-10AA-4BF9-A0B6-DB6F086E2238} = {BFA6DBF3-E631-46FA-945A-32FC6E85C3FF}
		{398DCCA9-4C81-47EB-8F0E-4315BC39163E} = {BFA6DBF3-E631-46FA-945A-32FC6E85C3FF}
		{84CFB399-BB05-4E4F-934D-A41018892036} = {B90CEA9A-0889-474C-BE5A-CC5C715D494A}
		{31A63CA4-F35E-471C-98ED-77FD49CFD094} = {84CFB399-BB05-4E4F-934D-A41018892036}
		{5D333584-F284-4E3D-B38F-FB632528B158} = {EFDE1E1F-D165-4C5E-882C-07CD2E702A01}
	EndGlobalSection
EndGlobal
